// !$*UTF8*$!
{
	archiveVersion = 1;
	classes = {
	};
	objectVersion = 56;
	objects = {

/* Begin PBXBuildFile section */
		E757B8602942EECD0007FD6F /* day02.txt in Copy Files */ = {isa = PBXBuildFile; fileRef = E757B85F2942EE320007FD6F /* day02.txt */; };
		E757B862294509620007FD6F /* Day03.swift in Sources */ = {isa = PBXBuildFile; fileRef = E757B861294509620007FD6F /* Day03.swift */; };
		E757B8632945096C0007FD6F /* Day03.swift in Sources */ = {isa = PBXBuildFile; fileRef = E757B861294509620007FD6F /* Day03.swift */; };
		E757B865294513EB0007FD6F /* day03.txt in Copy Files */ = {isa = PBXBuildFile; fileRef = E757B86429450B3F0007FD6F /* day03.txt */; };
		E757B86729451CE20007FD6F /* Day04.swift in Sources */ = {isa = PBXBuildFile; fileRef = E757B86629451CE20007FD6F /* Day04.swift */; };
		E757B86829451CE20007FD6F /* Day04.swift in Sources */ = {isa = PBXBuildFile; fileRef = E757B86629451CE20007FD6F /* Day04.swift */; };
		E757B86A29451DAF0007FD6F /* day04.txt in Resources */ = {isa = PBXBuildFile; fileRef = E757B86929451DAF0007FD6F /* day04.txt */; };
		E757B86B29451DB80007FD6F /* day04.txt in Copy Files */ = {isa = PBXBuildFile; fileRef = E757B86929451DAF0007FD6F /* day04.txt */; };
		E757B86D294525DC0007FD6F /* Day05.swift in Sources */ = {isa = PBXBuildFile; fileRef = E757B86C294525DC0007FD6F /* Day05.swift */; };
		E757B86E294525DC0007FD6F /* Day05.swift in Sources */ = {isa = PBXBuildFile; fileRef = E757B86C294525DC0007FD6F /* Day05.swift */; };
		E757B870294535F70007FD6F /* day05.txt in Resources */ = {isa = PBXBuildFile; fileRef = E757B86F294535F70007FD6F /* day05.txt */; };
		E757B8712945360C0007FD6F /* day05.txt in Copy Files */ = {isa = PBXBuildFile; fileRef = E757B86F294535F70007FD6F /* day05.txt */; };
		E7675ABE293E776B00D1BBC3 /* main.swift in Sources */ = {isa = PBXBuildFile; fileRef = E7675ABD293E776B00D1BBC3 /* main.swift */; };
		E7926600293ECE4C0096BCA3 /* Day01.swift in Sources */ = {isa = PBXBuildFile; fileRef = E79265FF293ECE4C0096BCA3 /* Day01.swift */; };
		E7926602293ED3230096BCA3 /* day01.txt in Copy Files */ = {isa = PBXBuildFile; fileRef = E7926601293ECFF50096BCA3 /* day01.txt */; };
		E7926613293ED8940096BCA3 /* SampleInputTests.swift in Sources */ = {isa = PBXBuildFile; fileRef = E7926605293ED6370096BCA3 /* SampleInputTests.swift */; };
		E7926614293ED9480096BCA3 /* Day01.swift in Sources */ = {isa = PBXBuildFile; fileRef = E79265FF293ECE4C0096BCA3 /* Day01.swift */; };
		E7926616293EDC850096BCA3 /* Day.swift in Sources */ = {isa = PBXBuildFile; fileRef = E7926615293EDC850096BCA3 /* Day.swift */; };
		E7926617293EDC850096BCA3 /* Day.swift in Sources */ = {isa = PBXBuildFile; fileRef = E7926615293EDC850096BCA3 /* Day.swift */; };
		E792661A294040FB0096BCA3 /* ArgumentParser in Frameworks */ = {isa = PBXBuildFile; productRef = E7926619294040FB0096BCA3 /* ArgumentParser */; };
		E792661C2942DC4A0096BCA3 /* Day02.swift in Sources */ = {isa = PBXBuildFile; fileRef = E792661B2942DC4A0096BCA3 /* Day02.swift */; };
		E792661D2942DC4A0096BCA3 /* Day02.swift in Sources */ = {isa = PBXBuildFile; fileRef = E792661B2942DC4A0096BCA3 /* Day02.swift */; };
/* End PBXBuildFile section */

/* Begin PBXCopyFilesBuildPhase section */
		E7675AB8293E776B00D1BBC3 /* Copy Files */ = {
			isa = PBXCopyFilesBuildPhase;
			buildActionMask = 12;
			dstPath = input;
			dstSubfolderSpec = 16;
			files = (
				E757B8712945360C0007FD6F /* day05.txt in Copy Files */,
				E757B86B29451DB80007FD6F /* day04.txt in Copy Files */,
				E757B865294513EB0007FD6F /* day03.txt in Copy Files */,
				E757B8602942EECD0007FD6F /* day02.txt in Copy Files */,
				E7926602293ED3230096BCA3 /* day01.txt in Copy Files */,
			);
			name = "Copy Files";
			runOnlyForDeploymentPostprocessing = 0;
		};
/* End PBXCopyFilesBuildPhase section */

/* Begin PBXFileReference section */
		E757B85F2942EE320007FD6F /* day02.txt */ = {isa = PBXFileReference; fileEncoding = 4; lastKnownFileType = text; name = day02.txt; path = aoc22/input/day02.txt; sourceTree = SOURCE_ROOT; };
		E757B861294509620007FD6F /* Day03.swift */ = {isa = PBXFileReference; lastKnownFileType = sourcecode.swift; path = Day03.swift; sourceTree = "<group>"; };
		E757B86429450B3F0007FD6F /* day03.txt */ = {isa = PBXFileReference; fileEncoding = 4; lastKnownFileType = text; path = day03.txt; sourceTree = "<group>"; };
		E757B86629451CE20007FD6F /* Day04.swift */ = {isa = PBXFileReference; lastKnownFileType = sourcecode.swift; path = Day04.swift; sourceTree = "<group>"; };
		E757B86929451DAF0007FD6F /* day04.txt */ = {isa = PBXFileReference; fileEncoding = 4; lastKnownFileType = text; path = day04.txt; sourceTree = "<group>"; };
		E757B86C294525DC0007FD6F /* Day05.swift */ = {isa = PBXFileReference; lastKnownFileType = sourcecode.swift; path = Day05.swift; sourceTree = "<group>"; };
		E757B86F294535F70007FD6F /* day05.txt */ = {isa = PBXFileReference; fileEncoding = 4; lastKnownFileType = text; path = day05.txt; sourceTree = "<group>"; };
		E7675ABA293E776B00D1BBC3 /* aoc22 */ = {isa = PBXFileReference; explicitFileType = "compiled.mach-o.executable"; includeInIndex = 0; path = aoc22; sourceTree = BUILT_PRODUCTS_DIR; };
		E7675ABD293E776B00D1BBC3 /* main.swift */ = {isa = PBXFileReference; lastKnownFileType = sourcecode.swift; path = main.swift; sourceTree = "<group>"; };
		E79265FF293ECE4C0096BCA3 /* Day01.swift */ = {isa = PBXFileReference; lastKnownFileType = sourcecode.swift; path = Day01.swift; sourceTree = "<group>"; };
		E7926601293ECFF50096BCA3 /* day01.txt */ = {isa = PBXFileReference; fileEncoding = 4; lastKnownFileType = text; path = day01.txt; sourceTree = "<group>"; };
		E7926605293ED6370096BCA3 /* SampleInputTests.swift */ = {isa = PBXFileReference; lastKnownFileType = sourcecode.swift; path = SampleInputTests.swift; sourceTree = "<group>"; };
		E792660C293ED7590096BCA3 /* advent-tests.xctest */ = {isa = PBXFileReference; explicitFileType = wrapper.cfbundle; includeInIndex = 0; path = "advent-tests.xctest"; sourceTree = BUILT_PRODUCTS_DIR; };
		E7926615293EDC850096BCA3 /* Day.swift */ = {isa = PBXFileReference; lastKnownFileType = sourcecode.swift; path = Day.swift; sourceTree = "<group>"; };
		E792661B2942DC4A0096BCA3 /* Day02.swift */ = {isa = PBXFileReference; lastKnownFileType = sourcecode.swift; path = Day02.swift; sourceTree = "<group>"; };
/* End PBXFileReference section */

/* Begin PBXFrameworksBuildPhase section */
		E7675AB7293E776B00D1BBC3 /* Frameworks */ = {
			isa = PBXFrameworksBuildPhase;
			buildActionMask = 2147483647;
			files = (
				E792661A294040FB0096BCA3 /* ArgumentParser in Frameworks */,
			);
			runOnlyForDeploymentPostprocessing = 0;
		};
		E7926609293ED7590096BCA3 /* Frameworks */ = {
			isa = PBXFrameworksBuildPhase;
			buildActionMask = 2147483647;
			files = (
			);
			runOnlyForDeploymentPostprocessing = 0;
		};
/* End PBXFrameworksBuildPhase section */

/* Begin PBXGroup section */
		E7675AB1293E776B00D1BBC3 = {
			isa = PBXGroup;
			children = (
				E7675ABC293E776B00D1BBC3 /* aoc22 */,
				E7675ABB293E776B00D1BBC3 /* Products */,
			);
			sourceTree = "<group>";
		};
		E7675ABB293E776B00D1BBC3 /* Products */ = {
			isa = PBXGroup;
			children = (
				E7675ABA293E776B00D1BBC3 /* aoc22 */,
				E792660C293ED7590096BCA3 /* advent-tests.xctest */,
			);
			name = Products;
			sourceTree = "<group>";
		};
		E7675ABC293E776B00D1BBC3 /* aoc22 */ = {
			isa = PBXGroup;
			children = (
				E7926604293ED5D30096BCA3 /* tests */,
				E79265FE293ECE260096BCA3 /* days */,
				E79265FD293ECDEE0096BCA3 /* input */,
				E7675ABD293E776B00D1BBC3 /* main.swift */,
			);
			path = aoc22;
			sourceTree = "<group>";
		};
		E79265FD293ECDEE0096BCA3 /* input */ = {
			isa = PBXGroup;
			children = (
				E757B86F294535F70007FD6F /* day05.txt */,
				E757B86929451DAF0007FD6F /* day04.txt */,
				E757B86429450B3F0007FD6F /* day03.txt */,
				E757B85F2942EE320007FD6F /* day02.txt */,
				E7926601293ECFF50096BCA3 /* day01.txt */,
			);
			path = input;
			sourceTree = "<group>";
		};
		E79265FE293ECE260096BCA3 /* days */ = {
			isa = PBXGroup;
			children = (
				E79265FF293ECE4C0096BCA3 /* Day01.swift */,
				E7926615293EDC850096BCA3 /* Day.swift */,
				E792661B2942DC4A0096BCA3 /* Day02.swift */,
				E757B861294509620007FD6F /* Day03.swift */,
				E757B86629451CE20007FD6F /* Day04.swift */,
				E757B86C294525DC0007FD6F /* Day05.swift */,
			);
			path = days;
			sourceTree = "<group>";
		};
		E7926604293ED5D30096BCA3 /* tests */ = {
			isa = PBXGroup;
			children = (
				E7926605293ED6370096BCA3 /* SampleInputTests.swift */,
			);
			path = tests;
			sourceTree = "<group>";
		};
/* End PBXGroup section */

/* Begin PBXNativeTarget section */
		E7675AB9293E776B00D1BBC3 /* aoc22 */ = {
			isa = PBXNativeTarget;
			buildConfigurationList = E7675AC1293E776B00D1BBC3 /* Build configuration list for PBXNativeTarget "aoc22" */;
			buildPhases = (
				E7675AB6293E776B00D1BBC3 /* Sources */,
				E7675AB7293E776B00D1BBC3 /* Frameworks */,
				E7675AB8293E776B00D1BBC3 /* Copy Files */,
			);
			buildRules = (
			);
			dependencies = (
			);
			name = aoc22;
			packageProductDependencies = (
				E7926619294040FB0096BCA3 /* ArgumentParser */,
			);
			productName = aoc22;
			productReference = E7675ABA293E776B00D1BBC3 /* aoc22 */;
			productType = "com.apple.product-type.tool";
		};
		E792660B293ED7590096BCA3 /* advent-tests */ = {
			isa = PBXNativeTarget;
			buildConfigurationList = E7926610293ED7590096BCA3 /* Build configuration list for PBXNativeTarget "advent-tests" */;
			buildPhases = (
				E7926608293ED7590096BCA3 /* Sources */,
				E7926609293ED7590096BCA3 /* Frameworks */,
				E792660A293ED7590096BCA3 /* Resources */,
			);
			buildRules = (
			);
			dependencies = (
			);
			name = "advent-tests";
			productName = "advent-tests";
			productReference = E792660C293ED7590096BCA3 /* advent-tests.xctest */;
			productType = "com.apple.product-type.bundle.unit-test";
		};
/* End PBXNativeTarget section */

/* Begin PBXProject section */
		E7675AB2293E776B00D1BBC3 /* Project object */ = {
			isa = PBXProject;
			attributes = {
				BuildIndependentTargetsInParallel = 1;
				LastSwiftUpdateCheck = 1410;
				LastUpgradeCheck = 1410;
				TargetAttributes = {
					E7675AB9293E776B00D1BBC3 = {
						CreatedOnToolsVersion = 14.1;
					};
					E792660B293ED7590096BCA3 = {
						CreatedOnToolsVersion = 14.1;
					};
				};
			};
			buildConfigurationList = E7675AB5293E776B00D1BBC3 /* Build configuration list for PBXProject "aoc22" */;
			compatibilityVersion = "Xcode 14.0";
			developmentRegion = en;
			hasScannedForEncodings = 0;
			knownRegions = (
				en,
				Base,
			);
			mainGroup = E7675AB1293E776B00D1BBC3;
			packageReferences = (
				E7926618294040FB0096BCA3 /* XCRemoteSwiftPackageReference "swift-argument-parser" */,
			);
			productRefGroup = E7675ABB293E776B00D1BBC3 /* Products */;
			projectDirPath = "";
			projectRoot = "";
			targets = (
				E7675AB9293E776B00D1BBC3 /* aoc22 */,
				E792660B293ED7590096BCA3 /* advent-tests */,
			);
		};
/* End PBXProject section */

/* Begin PBXResourcesBuildPhase section */
		E792660A293ED7590096BCA3 /* Resources */ = {
			isa = PBXResourcesBuildPhase;
			buildActionMask = 2147483647;
			files = (
				E757B870294535F70007FD6F /* day05.txt in Resources */,
				E757B86A29451DAF0007FD6F /* day04.txt in Resources */,
			);
			runOnlyForDeploymentPostprocessing = 0;
		};
/* End PBXResourcesBuildPhase section */

/* Begin PBXSourcesBuildPhase section */
		E7675AB6293E776B00D1BBC3 /* Sources */ = {
			isa = PBXSourcesBuildPhase;
			buildActionMask = 2147483647;
			files = (
				E7675ABE293E776B00D1BBC3 /* main.swift in Sources */,
				E7926616293EDC850096BCA3 /* Day.swift in Sources */,
				E757B86D294525DC0007FD6F /* Day05.swift in Sources */,
				E757B86729451CE20007FD6F /* Day04.swift in Sources */,
				E792661C2942DC4A0096BCA3 /* Day02.swift in Sources */,
				E757B862294509620007FD6F /* Day03.swift in Sources */,
				E7926600293ECE4C0096BCA3 /* Day01.swift in Sources */,
			);
			runOnlyForDeploymentPostprocessing = 0;
		};
		E7926608293ED7590096BCA3 /* Sources */ = {
			isa = PBXSourcesBuildPhase;
			buildActionMask = 2147483647;
			files = (
				E7926613293ED8940096BCA3 /* SampleInputTests.swift in Sources */,
				E7926617293EDC850096BCA3 /* Day.swift in Sources */,
				E757B86E294525DC0007FD6F /* Day05.swift in Sources */,
				E757B86829451CE20007FD6F /* Day04.swift in Sources */,
				E792661D2942DC4A0096BCA3 /* Day02.swift in Sources */,
				E757B8632945096C0007FD6F /* Day03.swift in Sources */,
				E7926614293ED9480096BCA3 /* Day01.swift in Sources */,
			);
			runOnlyForDeploymentPostprocessing = 0;
		};
/* End PBXSourcesBuildPhase section */

/* Begin XCBuildConfiguration section */
		E7675ABF293E776B00D1BBC3 /* Debug */ = {
			isa = XCBuildConfiguration;
			buildSettings = {
				ALWAYS_SEARCH_USER_PATHS = NO;
				CLANG_ANALYZER_NONNULL = YES;
				CLANG_ANALYZER_NUMBER_OBJECT_CONVERSION = YES_AGGRESSIVE;
				CLANG_CXX_LANGUAGE_STANDARD = "gnu++20";
				CLANG_ENABLE_MODULES = YES;
				CLANG_ENABLE_OBJC_ARC = YES;
				CLANG_ENABLE_OBJC_WEAK = YES;
				CLANG_WARN_BLOCK_CAPTURE_AUTORELEASING = YES;
				CLANG_WARN_BOOL_CONVERSION = YES;
				CLANG_WARN_COMMA = YES;
				CLANG_WARN_CONSTANT_CONVERSION = YES;
				CLANG_WARN_DEPRECATED_OBJC_IMPLEMENTATIONS = YES;
				CLANG_WARN_DIRECT_OBJC_ISA_USAGE = YES_ERROR;
				CLANG_WARN_DOCUMENTATION_COMMENTS = YES;
				CLANG_WARN_EMPTY_BODY = YES;
				CLANG_WARN_ENUM_CONVERSION = YES;
				CLANG_WARN_INFINITE_RECURSION = YES;
				CLANG_WARN_INT_CONVERSION = YES;
				CLANG_WARN_NON_LITERAL_NULL_CONVERSION = YES;
				CLANG_WARN_OBJC_IMPLICIT_RETAIN_SELF = YES;
				CLANG_WARN_OBJC_LITERAL_CONVERSION = YES;
				CLANG_WARN_OBJC_ROOT_CLASS = YES_ERROR;
				CLANG_WARN_QUOTED_INCLUDE_IN_FRAMEWORK_HEADER = YES;
				CLANG_WARN_RANGE_LOOP_ANALYSIS = YES;
				CLANG_WARN_STRICT_PROTOTYPES = YES;
				CLANG_WARN_SUSPICIOUS_MOVE = YES;
				CLANG_WARN_UNGUARDED_AVAILABILITY = YES_AGGRESSIVE;
				CLANG_WARN_UNREACHABLE_CODE = YES;
				CLANG_WARN__DUPLICATE_METHOD_MATCH = YES;
				COPY_PHASE_STRIP = NO;
				DEBUG_INFORMATION_FORMAT = dwarf;
				ENABLE_STRICT_OBJC_MSGSEND = YES;
				ENABLE_TESTABILITY = YES;
				GCC_C_LANGUAGE_STANDARD = gnu11;
				GCC_DYNAMIC_NO_PIC = NO;
				GCC_NO_COMMON_BLOCKS = YES;
				GCC_OPTIMIZATION_LEVEL = 0;
				GCC_PREPROCESSOR_DEFINITIONS = (
					"DEBUG=1",
					"$(inherited)",
				);
				GCC_WARN_64_TO_32_BIT_CONVERSION = YES;
				GCC_WARN_ABOUT_RETURN_TYPE = YES_ERROR;
				GCC_WARN_UNDECLARED_SELECTOR = YES;
				GCC_WARN_UNINITIALIZED_AUTOS = YES_AGGRESSIVE;
				GCC_WARN_UNUSED_FUNCTION = YES;
				GCC_WARN_UNUSED_VARIABLE = YES;
				MACOSX_DEPLOYMENT_TARGET = 13.0;
				MTL_ENABLE_DEBUG_INFO = INCLUDE_SOURCE;
				MTL_FAST_MATH = YES;
				ONLY_ACTIVE_ARCH = YES;
				SDKROOT = macosx;
				SWIFT_ACTIVE_COMPILATION_CONDITIONS = DEBUG;
				SWIFT_OPTIMIZATION_LEVEL = "-Onone";
			};
			name = Debug;
		};
		E7675AC0293E776B00D1BBC3 /* Release */ = {
			isa = XCBuildConfiguration;
			buildSettings = {
				ALWAYS_SEARCH_USER_PATHS = NO;
				CLANG_ANALYZER_NONNULL = YES;
				CLANG_ANALYZER_NUMBER_OBJECT_CONVERSION = YES_AGGRESSIVE;
				CLANG_CXX_LANGUAGE_STANDARD = "gnu++20";
				CLANG_ENABLE_MODULES = YES;
				CLANG_ENABLE_OBJC_ARC = YES;
				CLANG_ENABLE_OBJC_WEAK = YES;
				CLANG_WARN_BLOCK_CAPTURE_AUTORELEASING = YES;
				CLANG_WARN_BOOL_CONVERSION = YES;
				CLANG_WARN_COMMA = YES;
				CLANG_WARN_CONSTANT_CONVERSION = YES;
				CLANG_WARN_DEPRECATED_OBJC_IMPLEMENTATIONS = YES;
				CLANG_WARN_DIRECT_OBJC_ISA_USAGE = YES_ERROR;
				CLANG_WARN_DOCUMENTATION_COMMENTS = YES;
				CLANG_WARN_EMPTY_BODY = YES;
				CLANG_WARN_ENUM_CONVERSION = YES;
				CLANG_WARN_INFINITE_RECURSION = YES;
				CLANG_WARN_INT_CONVERSION = YES;
				CLANG_WARN_NON_LITERAL_NULL_CONVERSION = YES;
				CLANG_WARN_OBJC_IMPLICIT_RETAIN_SELF = YES;
				CLANG_WARN_OBJC_LITERAL_CONVERSION = YES;
				CLANG_WARN_OBJC_ROOT_CLASS = YES_ERROR;
				CLANG_WARN_QUOTED_INCLUDE_IN_FRAMEWORK_HEADER = YES;
				CLANG_WARN_RANGE_LOOP_ANALYSIS = YES;
				CLANG_WARN_STRICT_PROTOTYPES = YES;
				CLANG_WARN_SUSPICIOUS_MOVE = YES;
				CLANG_WARN_UNGUARDED_AVAILABILITY = YES_AGGRESSIVE;
				CLANG_WARN_UNREACHABLE_CODE = YES;
				CLANG_WARN__DUPLICATE_METHOD_MATCH = YES;
				COPY_PHASE_STRIP = NO;
				DEBUG_INFORMATION_FORMAT = "dwarf-with-dsym";
				ENABLE_NS_ASSERTIONS = NO;
				ENABLE_STRICT_OBJC_MSGSEND = YES;
				GCC_C_LANGUAGE_STANDARD = gnu11;
				GCC_NO_COMMON_BLOCKS = YES;
				GCC_WARN_64_TO_32_BIT_CONVERSION = YES;
				GCC_WARN_ABOUT_RETURN_TYPE = YES_ERROR;
				GCC_WARN_UNDECLARED_SELECTOR = YES;
				GCC_WARN_UNINITIALIZED_AUTOS = YES_AGGRESSIVE;
				GCC_WARN_UNUSED_FUNCTION = YES;
				GCC_WARN_UNUSED_VARIABLE = YES;
				MACOSX_DEPLOYMENT_TARGET = 13.0;
				MTL_ENABLE_DEBUG_INFO = NO;
				MTL_FAST_MATH = YES;
				SDKROOT = macosx;
				SWIFT_COMPILATION_MODE = wholemodule;
				SWIFT_OPTIMIZATION_LEVEL = "-O";
			};
			name = Release;
		};
		E7675AC2293E776B00D1BBC3 /* Debug */ = {
			isa = XCBuildConfiguration;
			buildSettings = {
				CODE_SIGN_STYLE = Automatic;
				DEVELOPMENT_ASSET_PATHS = "aoc22/input/day02.txt aoc22/input aoc22/input/day01.txt";
				PRODUCT_NAME = "$(TARGET_NAME)";
				SWIFT_VERSION = 5.0;
			};
			name = Debug;
		};
		E7675AC3293E776B00D1BBC3 /* Release */ = {
			isa = XCBuildConfiguration;
			buildSettings = {
				CODE_SIGN_STYLE = Automatic;
				DEVELOPMENT_ASSET_PATHS = "aoc22/input/day02.txt aoc22/input aoc22/input/day01.txt";
				PRODUCT_NAME = "$(TARGET_NAME)";
				SWIFT_VERSION = 5.0;
			};
			name = Release;
		};
		E7926611293ED7590096BCA3 /* Debug */ = {
			isa = XCBuildConfiguration;
			buildSettings = {
				CODE_SIGN_STYLE = Automatic;
				CURRENT_PROJECT_VERSION = 1;
				GENERATE_INFOPLIST_FILE = YES;
				MARKETING_VERSION = 1.0;
				PRODUCT_BUNDLE_IDENTIFIER = "dev.brandonmorris.advent-tests";
				PRODUCT_NAME = "$(TARGET_NAME)";
				SWIFT_EMIT_LOC_STRINGS = NO;
				SWIFT_VERSION = 5.0;
			};
			name = Debug;
		};
		E7926612293ED7590096BCA3 /* Release */ = {
			isa = XCBuildConfiguration;
			buildSettings = {
				CODE_SIGN_STYLE = Automatic;
				CURRENT_PROJECT_VERSION = 1;
				GENERATE_INFOPLIST_FILE = YES;
				MARKETING_VERSION = 1.0;
				PRODUCT_BUNDLE_IDENTIFIER = "dev.brandonmorris.advent-tests";
				PRODUCT_NAME = "$(TARGET_NAME)";
				SWIFT_EMIT_LOC_STRINGS = NO;
				SWIFT_VERSION = 5.0;
			};
			name = Release;
		};
/* End XCBuildConfiguration section */

/* Begin XCConfigurationList section */
		E7675AB5293E776B00D1BBC3 /* Build configuration list for PBXProject "aoc22" */ = {
			isa = XCConfigurationList;
			buildConfigurations = (
				E7675ABF293E776B00D1BBC3 /* Debug */,
				E7675AC0293E776B00D1BBC3 /* Release */,
			);
			defaultConfigurationIsVisible = 0;
			defaultConfigurationName = Release;
		};
		E7675AC1293E776B00D1BBC3 /* Build configuration list for PBXNativeTarget "aoc22" */ = {
			isa = XCConfigurationList;
			buildConfigurations = (
				E7675AC2293E776B00D1BBC3 /* Debug */,
				E7675AC3293E776B00D1BBC3 /* Release */,
			);
			defaultConfigurationIsVisible = 0;
			defaultConfigurationName = Release;
		};
		E7926610293ED7590096BCA3 /* Build configuration list for PBXNativeTarget "advent-tests" */ = {
			isa = XCConfigurationList;
			buildConfigurations = (
				E7926611293ED7590096BCA3 /* Debug */,
				E7926612293ED7590096BCA3 /* Release */,
			);
			defaultConfigurationIsVisible = 0;
			defaultConfigurationName = Release;
		};
/* End XCConfigurationList section */

/* Begin XCRemoteSwiftPackageReference section */
		E7926618294040FB0096BCA3 /* XCRemoteSwiftPackageReference "swift-argument-parser" */ = {
			isa = XCRemoteSwiftPackageReference;
			repositoryURL = "https://github.com/apple/swift-argument-parser.git";
			requirement = {
				kind = upToNextMajorVersion;
				minimumVersion = 1.0.0;
			};
		};
/* End XCRemoteSwiftPackageReference section */

/* Begin XCSwiftPackageProductDependency section */
		E7926619294040FB0096BCA3 /* ArgumentParser */ = {
			isa = XCSwiftPackageProductDependency;
			package = E7926618294040FB0096BCA3 /* XCRemoteSwiftPackageReference "swift-argument-parser" */;
			productName = ArgumentParser;
		};
/* End XCSwiftPackageProductDependency section */
	};
	rootObject = E7675AB2293E776B00D1BBC3 /* Project object */;
}
